// !$*UTF8*$!
{
	archiveVersion = 1;
	classes = {
	};
	objectVersion = 56;
	objects = {

/* Begin PBXBuildFile section */
		1D9F93732C127EE000E1E5D5 /* ProductService.swift in Sources */ = {isa = PBXBuildFile; fileRef = 1D9F93722C127EE000E1E5D5 /* ProductService.swift */; };
		1D9F93752C12800100E1E5D5 /* ProductListViewController.swift in Sources */ = {isa = PBXBuildFile; fileRef = 1D9F93742C12800100E1E5D5 /* ProductListViewController.swift */; };
		1D9F93782C12807D00E1E5D5 /* AppDelegate.swift in Sources */ = {isa = PBXBuildFile; fileRef = 1D9F93762C12807C00E1E5D5 /* AppDelegate.swift */; };
		1D9F93792C12807D00E1E5D5 /* SceneDelegate.swift in Sources */ = {isa = PBXBuildFile; fileRef = 1D9F93772C12807D00E1E5D5 /* SceneDelegate.swift */; };
		1D9F937D2C1281BD00E1E5D5 /* LaunchScreen.storyboard in Resources */ = {isa = PBXBuildFile; fileRef = 1D9F937C2C1281BD00E1E5D5 /* LaunchScreen.storyboard */; };
		1D9F937F2C1281E000E1E5D5 /* Assets.xcassets in Resources */ = {isa = PBXBuildFile; fileRef = 1D9F937E2C1281E000E1E5D5 /* Assets.xcassets */; };
		1D9F93812C12862E00E1E5D5 /* ProductModel.swift in Sources */ = {isa = PBXBuildFile; fileRef = 1D9F93802C12862D00E1E5D5 /* ProductModel.swift */; };
		1D9F93832C12899100E1E5D5 /* ProductDetailViewController.swift in Sources */ = {isa = PBXBuildFile; fileRef = 1D9F93822C12899100E1E5D5 /* ProductDetailViewController.swift */; };
		1D9F93872C128A1300E1E5D5 /* ProductListView.swift in Sources */ = {isa = PBXBuildFile; fileRef = 1D9F93862C128A1300E1E5D5 /* ProductListView.swift */; };
		1D9F938C2C128A5000E1E5D5 /* ViewCodeProtocol.swift in Sources */ = {isa = PBXBuildFile; fileRef = 1D9F938B2C128A5000E1E5D5 /* ViewCodeProtocol.swift */; };
		1D9F93902C128DEF00E1E5D5 /* ProductCell.swift in Sources */ = {isa = PBXBuildFile; fileRef = 1D9F938F2C128DEF00E1E5D5 /* ProductCell.swift */; };
		1D9F93922C1295E200E1E5D5 /* ProductDetailView.swift in Sources */ = {isa = PBXBuildFile; fileRef = 1D9F93912C1295E200E1E5D5 /* ProductDetailView.swift */; };
		1D9F93942C13354700E1E5D5 /* ImageDownloader.swift in Sources */ = {isa = PBXBuildFile; fileRef = 1D9F93932C13354700E1E5D5 /* ImageDownloader.swift */; };
		1DC5D7EF2C1339D400F16189 /* ImageCache.swift in Sources */ = {isa = PBXBuildFile; fileRef = 1DC5D7EE2C1339D400F16189 /* ImageCache.swift */; };
		1DC5D7F12C137E0600F16189 /* ProductListViewModel.swift in Sources */ = {isa = PBXBuildFile; fileRef = 1DC5D7F02C137E0600F16189 /* ProductListViewModel.swift */; };
/* End PBXBuildFile section */

/* Begin PBXFileReference section */
		1D9F93482C12785F00E1E5D5 /* ios-architechtures.app */ = {isa = PBXFileReference; explicitFileType = wrapper.application; includeInIndex = 0; path = "ios-architechtures.app"; sourceTree = BUILT_PRODUCTS_DIR; };
		1D9F93592C12786300E1E5D5 /* Info.plist */ = {isa = PBXFileReference; lastKnownFileType = text.plist.xml; path = Info.plist; sourceTree = "<group>"; };
		1D9F93722C127EE000E1E5D5 /* ProductService.swift */ = {isa = PBXFileReference; lastKnownFileType = sourcecode.swift; path = ProductService.swift; sourceTree = "<group>"; };
		1D9F93742C12800100E1E5D5 /* ProductListViewController.swift */ = {isa = PBXFileReference; lastKnownFileType = sourcecode.swift; path = ProductListViewController.swift; sourceTree = "<group>"; };
		1D9F93762C12807C00E1E5D5 /* AppDelegate.swift */ = {isa = PBXFileReference; fileEncoding = 4; lastKnownFileType = sourcecode.swift; name = AppDelegate.swift; path = Initialize/AppDelegate.swift; sourceTree = "<group>"; };
		1D9F93772C12807D00E1E5D5 /* SceneDelegate.swift */ = {isa = PBXFileReference; fileEncoding = 4; lastKnownFileType = sourcecode.swift; name = SceneDelegate.swift; path = Initialize/SceneDelegate.swift; sourceTree = "<group>"; };
		1D9F937C2C1281BD00E1E5D5 /* LaunchScreen.storyboard */ = {isa = PBXFileReference; fileEncoding = 4; lastKnownFileType = file.storyboard; path = LaunchScreen.storyboard; sourceTree = "<group>"; };
		1D9F937E2C1281E000E1E5D5 /* Assets.xcassets */ = {isa = PBXFileReference; lastKnownFileType = folder.assetcatalog; name = Assets.xcassets; path = Resources/Assets.xcassets; sourceTree = "<group>"; };
		1D9F93802C12862D00E1E5D5 /* ProductModel.swift */ = {isa = PBXFileReference; lastKnownFileType = sourcecode.swift; path = ProductModel.swift; sourceTree = "<group>"; };
		1D9F93822C12899100E1E5D5 /* ProductDetailViewController.swift */ = {isa = PBXFileReference; lastKnownFileType = sourcecode.swift; path = ProductDetailViewController.swift; sourceTree = "<group>"; };
		1D9F93862C128A1300E1E5D5 /* ProductListView.swift */ = {isa = PBXFileReference; lastKnownFileType = sourcecode.swift; path = ProductListView.swift; sourceTree = "<group>"; };
		1D9F938B2C128A5000E1E5D5 /* ViewCodeProtocol.swift */ = {isa = PBXFileReference; lastKnownFileType = sourcecode.swift; path = ViewCodeProtocol.swift; sourceTree = "<group>"; };
		1D9F938F2C128DEF00E1E5D5 /* ProductCell.swift */ = {isa = PBXFileReference; lastKnownFileType = sourcecode.swift; path = ProductCell.swift; sourceTree = "<group>"; };
		1D9F93912C1295E200E1E5D5 /* ProductDetailView.swift */ = {isa = PBXFileReference; lastKnownFileType = sourcecode.swift; path = ProductDetailView.swift; sourceTree = "<group>"; };
		1D9F93932C13354700E1E5D5 /* ImageDownloader.swift */ = {isa = PBXFileReference; lastKnownFileType = sourcecode.swift; path = ImageDownloader.swift; sourceTree = "<group>"; };
		1DC5D7EE2C1339D400F16189 /* ImageCache.swift */ = {isa = PBXFileReference; lastKnownFileType = sourcecode.swift; path = ImageCache.swift; sourceTree = "<group>"; };
		1DC5D7F02C137E0600F16189 /* ProductListViewModel.swift */ = {isa = PBXFileReference; lastKnownFileType = sourcecode.swift; path = ProductListViewModel.swift; sourceTree = "<group>"; };
/* End PBXFileReference section */

/* Begin PBXFrameworksBuildPhase section */
		1D9F93452C12785F00E1E5D5 /* Frameworks */ = {
			isa = PBXFrameworksBuildPhase;
			buildActionMask = 2147483647;
			files = (
			);
			runOnlyForDeploymentPostprocessing = 0;
		};
/* End PBXFrameworksBuildPhase section */

/* Begin PBXGroup section */
		1D9F933F2C12785F00E1E5D5 = {
			isa = PBXGroup;
			children = (
				1D9F934A2C12785F00E1E5D5 /* ios-architechtures */,
				1D9F93492C12785F00E1E5D5 /* Products */,
			);
			sourceTree = "<group>";
		};
		1D9F93492C12785F00E1E5D5 /* Products */ = {
			isa = PBXGroup;
			children = (
				1D9F93482C12785F00E1E5D5 /* ios-architechtures.app */,
			);
			name = Products;
			sourceTree = "<group>";
		};
		1D9F934A2C12785F00E1E5D5 /* ios-architechtures */ = {
			isa = PBXGroup;
			children = (
				1D9F937C2C1281BD00E1E5D5 /* LaunchScreen.storyboard */,
				1D9F93592C12786300E1E5D5 /* Info.plist */,
				1D9F93702C127E7600E1E5D5 /* Source */,
				1D9F93612C12796000E1E5D5 /* Resources */,
				1D9F93602C12794900E1E5D5 /* Initializes */,
			);
			path = "ios-architechtures";
			sourceTree = "<group>";
		};
		1D9F93602C12794900E1E5D5 /* Initializes */ = {
			isa = PBXGroup;
			children = (
				1D9F93762C12807C00E1E5D5 /* AppDelegate.swift */,
				1D9F93772C12807D00E1E5D5 /* SceneDelegate.swift */,
			);
			name = Initializes;
			sourceTree = "<group>";
		};
		1D9F93612C12796000E1E5D5 /* Resources */ = {
			isa = PBXGroup;
			children = (
				1D9F937E2C1281E000E1E5D5 /* Assets.xcassets */,
			);
			name = Resources;
			sourceTree = "<group>";
		};
		1D9F93692C127A9800E1E5D5 /* Products */ = {
			isa = PBXGroup;
			children = (
				1DC5D7F22C13831E00F16189 /* Service */,
				1D9F936B2C127ACC00E1E5D5 /* Detail-mvp */,
				1D9F936A2C127ABE00E1E5D5 /* List-mvvm */,
			);
			path = Products;
			sourceTree = "<group>";
		};
		1D9F936A2C127ABE00E1E5D5 /* List-mvvm */ = {
			isa = PBXGroup;
			children = (
				1DC5D7F02C137E0600F16189 /* ProductListViewModel.swift */,
				1D9F938D2C128B4200E1E5D5 /* Views */,
				1D9F93742C12800100E1E5D5 /* ProductListViewController.swift */,
			);
			path = "List-mvvm";
			sourceTree = "<group>";
		};
		1D9F936B2C127ACC00E1E5D5 /* Detail-mvp */ = {
			isa = PBXGroup;
			children = (
				1D9F93822C12899100E1E5D5 /* ProductDetailViewController.swift */,
				1D9F93912C1295E200E1E5D5 /* ProductDetailView.swift */,
			);
			path = "Detail-mvp";
			sourceTree = "<group>";
		};
		1D9F93702C127E7600E1E5D5 /* Source */ = {
			isa = PBXGroup;
			children = (
				1D9F93882C128A3600E1E5D5 /* Utils */,
				1D9F93692C127A9800E1E5D5 /* Products */,
			);
			path = Source;
			sourceTree = "<group>";
		};
		1D9F93882C128A3600E1E5D5 /* Utils */ = {
			isa = PBXGroup;
			children = (
				1D9F93892C128A3B00E1E5D5 /* Protocols */,
				1D9F93932C13354700E1E5D5 /* ImageDownloader.swift */,
				1DC5D7EE2C1339D400F16189 /* ImageCache.swift */,
			);
			path = Utils;
			sourceTree = "<group>";
		};
		1D9F93892C128A3B00E1E5D5 /* Protocols */ = {
			isa = PBXGroup;
			children = (
				1D9F938B2C128A5000E1E5D5 /* ViewCodeProtocol.swift */,
			);
			path = Protocols;
			sourceTree = "<group>";
		};
		1D9F938D2C128B4200E1E5D5 /* Views */ = {
			isa = PBXGroup;
			children = (
				1D9F93862C128A1300E1E5D5 /* ProductListView.swift */,
				1D9F938E2C128B4900E1E5D5 /* Cells */,
			);
			path = Views;
			sourceTree = "<group>";
		};
		1D9F938E2C128B4900E1E5D5 /* Cells */ = {
			isa = PBXGroup;
			children = (
				1D9F938F2C128DEF00E1E5D5 /* ProductCell.swift */,
			);
			path = Cells;
			sourceTree = "<group>";
		};
		1DC5D7F22C13831E00F16189 /* Service */ = {
			isa = PBXGroup;
			children = (
				1D9F93722C127EE000E1E5D5 /* ProductService.swift */,
				1D9F93802C12862D00E1E5D5 /* ProductModel.swift */,
			);
			path = Service;
			sourceTree = "<group>";
		};
/* End PBXGroup section */

/* Begin PBXNativeTarget section */
		1D9F93472C12785F00E1E5D5 /* ios-architechtures */ = {
			isa = PBXNativeTarget;
			buildConfigurationList = 1D9F935C2C12786300E1E5D5 /* Build configuration list for PBXNativeTarget "ios-architechtures" */;
			buildPhases = (
				1D9F93442C12785F00E1E5D5 /* Sources */,
				1D9F93452C12785F00E1E5D5 /* Frameworks */,
				1D9F93462C12785F00E1E5D5 /* Resources */,
			);
			buildRules = (
			);
			dependencies = (
			);
			name = "ios-architechtures";
			productName = "ios-architechtures";
			productReference = 1D9F93482C12785F00E1E5D5 /* ios-architechtures.app */;
			productType = "com.apple.product-type.application";
		};
/* End PBXNativeTarget section */

/* Begin PBXProject section */
		1D9F93402C12785F00E1E5D5 /* Project object */ = {
			isa = PBXProject;
			attributes = {
				BuildIndependentTargetsInParallel = 1;
				LastSwiftUpdateCheck = 1420;
				LastUpgradeCheck = 1420;
				TargetAttributes = {
					1D9F93472C12785F00E1E5D5 = {
						CreatedOnToolsVersion = 14.2;
					};
				};
			};
			buildConfigurationList = 1D9F93432C12785F00E1E5D5 /* Build configuration list for PBXProject "ios-architechtures" */;
			compatibilityVersion = "Xcode 14.0";
			developmentRegion = en;
			hasScannedForEncodings = 0;
			knownRegions = (
				en,
				Base,
			);
			mainGroup = 1D9F933F2C12785F00E1E5D5;
			productRefGroup = 1D9F93492C12785F00E1E5D5 /* Products */;
			projectDirPath = "";
			projectRoot = "";
			targets = (
				1D9F93472C12785F00E1E5D5 /* ios-architechtures */,
			);
		};
/* End PBXProject section */

/* Begin PBXResourcesBuildPhase section */
		1D9F93462C12785F00E1E5D5 /* Resources */ = {
			isa = PBXResourcesBuildPhase;
			buildActionMask = 2147483647;
			files = (
				1D9F937D2C1281BD00E1E5D5 /* LaunchScreen.storyboard in Resources */,
				1D9F937F2C1281E000E1E5D5 /* Assets.xcassets in Resources */,
			);
			runOnlyForDeploymentPostprocessing = 0;
		};
/* End PBXResourcesBuildPhase section */

/* Begin PBXSourcesBuildPhase section */
		1D9F93442C12785F00E1E5D5 /* Sources */ = {
			isa = PBXSourcesBuildPhase;
			buildActionMask = 2147483647;
			files = (
				1D9F93752C12800100E1E5D5 /* ProductListViewController.swift in Sources */,
				1D9F93922C1295E200E1E5D5 /* ProductDetailView.swift in Sources */,
				1D9F938C2C128A5000E1E5D5 /* ViewCodeProtocol.swift in Sources */,
				1D9F93782C12807D00E1E5D5 /* AppDelegate.swift in Sources */,
				1D9F93872C128A1300E1E5D5 /* ProductListView.swift in Sources */,
				1D9F93732C127EE000E1E5D5 /* ProductService.swift in Sources */,
				1DC5D7EF2C1339D400F16189 /* ImageCache.swift in Sources */,
				1DC5D7F12C137E0600F16189 /* ProductListViewModel.swift in Sources */,
				1D9F93942C13354700E1E5D5 /* ImageDownloader.swift in Sources */,
				1D9F93792C12807D00E1E5D5 /* SceneDelegate.swift in Sources */,
				1D9F93902C128DEF00E1E5D5 /* ProductCell.swift in Sources */,
				1D9F93812C12862E00E1E5D5 /* ProductModel.swift in Sources */,
				1D9F93832C12899100E1E5D5 /* ProductDetailViewController.swift in Sources */,
			);
			runOnlyForDeploymentPostprocessing = 0;
		};
/* End PBXSourcesBuildPhase section */

/* Begin XCBuildConfiguration section */
		1D9F935A2C12786300E1E5D5 /* Debug */ = {
			isa = XCBuildConfiguration;
			buildSettings = {
				ALWAYS_SEARCH_USER_PATHS = NO;
				CLANG_ANALYZER_NONNULL = YES;
				CLANG_ANALYZER_NUMBER_OBJECT_CONVERSION = YES_AGGRESSIVE;
				CLANG_CXX_LANGUAGE_STANDARD = "gnu++20";
				CLANG_ENABLE_MODULES = YES;
				CLANG_ENABLE_OBJC_ARC = YES;
				CLANG_ENABLE_OBJC_WEAK = YES;
				CLANG_WARN_BLOCK_CAPTURE_AUTORELEASING = YES;
				CLANG_WARN_BOOL_CONVERSION = YES;
				CLANG_WARN_COMMA = YES;
				CLANG_WARN_CONSTANT_CONVERSION = YES;
				CLANG_WARN_DEPRECATED_OBJC_IMPLEMENTATIONS = YES;
				CLANG_WARN_DIRECT_OBJC_ISA_USAGE = YES_ERROR;
				CLANG_WARN_DOCUMENTATION_COMMENTS = YES;
				CLANG_WARN_EMPTY_BODY = YES;
				CLANG_WARN_ENUM_CONVERSION = YES;
				CLANG_WARN_INFINITE_RECURSION = YES;
				CLANG_WARN_INT_CONVERSION = YES;
				CLANG_WARN_NON_LITERAL_NULL_CONVERSION = YES;
				CLANG_WARN_OBJC_IMPLICIT_RETAIN_SELF = YES;
				CLANG_WARN_OBJC_LITERAL_CONVERSION = YES;
				CLANG_WARN_OBJC_ROOT_CLASS = YES_ERROR;
				CLANG_WARN_QUOTED_INCLUDE_IN_FRAMEWORK_HEADER = YES;
				CLANG_WARN_RANGE_LOOP_ANALYSIS = YES;
				CLANG_WARN_STRICT_PROTOTYPES = YES;
				CLANG_WARN_SUSPICIOUS_MOVE = YES;
				CLANG_WARN_UNGUARDED_AVAILABILITY = YES_AGGRESSIVE;
				CLANG_WARN_UNREACHABLE_CODE = YES;
				CLANG_WARN__DUPLICATE_METHOD_MATCH = YES;
				COPY_PHASE_STRIP = NO;
				DEBUG_INFORMATION_FORMAT = dwarf;
				ENABLE_STRICT_OBJC_MSGSEND = YES;
				ENABLE_TESTABILITY = YES;
				GCC_C_LANGUAGE_STANDARD = gnu11;
				GCC_DYNAMIC_NO_PIC = NO;
				GCC_NO_COMMON_BLOCKS = YES;
				GCC_OPTIMIZATION_LEVEL = 0;
				GCC_PREPROCESSOR_DEFINITIONS = (
					"DEBUG=1",
					"$(inherited)",
				);
				GCC_WARN_64_TO_32_BIT_CONVERSION = YES;
				GCC_WARN_ABOUT_RETURN_TYPE = YES_ERROR;
				GCC_WARN_UNDECLARED_SELECTOR = YES;
				GCC_WARN_UNINITIALIZED_AUTOS = YES_AGGRESSIVE;
				GCC_WARN_UNUSED_FUNCTION = YES;
				GCC_WARN_UNUSED_VARIABLE = YES;
				IPHONEOS_DEPLOYMENT_TARGET = 16.2;
				MTL_ENABLE_DEBUG_INFO = INCLUDE_SOURCE;
				MTL_FAST_MATH = YES;
				ONLY_ACTIVE_ARCH = YES;
				SDKROOT = iphoneos;
				SWIFT_ACTIVE_COMPILATION_CONDITIONS = DEBUG;
				SWIFT_OPTIMIZATION_LEVEL = "-Onone";
			};
			name = Debug;
		};
		1D9F935B2C12786300E1E5D5 /* Release */ = {
			isa = XCBuildConfiguration;
			buildSettings = {
				ALWAYS_SEARCH_USER_PATHS = NO;
				CLANG_ANALYZER_NONNULL = YES;
				CLANG_ANALYZER_NUMBER_OBJECT_CONVERSION = YES_AGGRESSIVE;
				CLANG_CXX_LANGUAGE_STANDARD = "gnu++20";
				CLANG_ENABLE_MODULES = YES;
				CLANG_ENABLE_OBJC_ARC = YES;
				CLANG_ENABLE_OBJC_WEAK = YES;
				CLANG_WARN_BLOCK_CAPTURE_AUTORELEASING = YES;
				CLANG_WARN_BOOL_CONVERSION = YES;
				CLANG_WARN_COMMA = YES;
				CLANG_WARN_CONSTANT_CONVERSION = YES;
				CLANG_WARN_DEPRECATED_OBJC_IMPLEMENTATIONS = YES;
				CLANG_WARN_DIRECT_OBJC_ISA_USAGE = YES_ERROR;
				CLANG_WARN_DOCUMENTATION_COMMENTS = YES;
				CLANG_WARN_EMPTY_BODY = YES;
				CLANG_WARN_ENUM_CONVERSION = YES;
				CLANG_WARN_INFINITE_RECURSION = YES;
				CLANG_WARN_INT_CONVERSION = YES;
				CLANG_WARN_NON_LITERAL_NULL_CONVERSION = YES;
				CLANG_WARN_OBJC_IMPLICIT_RETAIN_SELF = YES;
				CLANG_WARN_OBJC_LITERAL_CONVERSION = YES;
				CLANG_WARN_OBJC_ROOT_CLASS = YES_ERROR;
				CLANG_WARN_QUOTED_INCLUDE_IN_FRAMEWORK_HEADER = YES;
				CLANG_WARN_RANGE_LOOP_ANALYSIS = YES;
				CLANG_WARN_STRICT_PROTOTYPES = YES;
				CLANG_WARN_SUSPICIOUS_MOVE = YES;
				CLANG_WARN_UNGUARDED_AVAILABILITY = YES_AGGRESSIVE;
				CLANG_WARN_UNREACHABLE_CODE = YES;
				CLANG_WARN__DUPLICATE_METHOD_MATCH = YES;
				COPY_PHASE_STRIP = NO;
				DEBUG_INFORMATION_FORMAT = "dwarf-with-dsym";
				ENABLE_NS_ASSERTIONS = NO;
				ENABLE_STRICT_OBJC_MSGSEND = YES;
				GCC_C_LANGUAGE_STANDARD = gnu11;
				GCC_NO_COMMON_BLOCKS = YES;
				GCC_WARN_64_TO_32_BIT_CONVERSION = YES;
				GCC_WARN_ABOUT_RETURN_TYPE = YES_ERROR;
				GCC_WARN_UNDECLARED_SELECTOR = YES;
				GCC_WARN_UNINITIALIZED_AUTOS = YES_AGGRESSIVE;
				GCC_WARN_UNUSED_FUNCTION = YES;
				GCC_WARN_UNUSED_VARIABLE = YES;
				IPHONEOS_DEPLOYMENT_TARGET = 16.2;
				MTL_ENABLE_DEBUG_INFO = NO;
				MTL_FAST_MATH = YES;
				SDKROOT = iphoneos;
				SWIFT_COMPILATION_MODE = wholemodule;
				SWIFT_OPTIMIZATION_LEVEL = "-O";
				VALIDATE_PRODUCT = YES;
			};
			name = Release;
		};
		1D9F935D2C12786300E1E5D5 /* Debug */ = {
			isa = XCBuildConfiguration;
			buildSettings = {
				ASSETCATALOG_COMPILER_APPICON_NAME = AppIcon;
				ASSETCATALOG_COMPILER_GLOBAL_ACCENT_COLOR_NAME = AccentColor;
				CODE_SIGN_STYLE = Automatic;
				CURRENT_PROJECT_VERSION = 1;
				DEVELOPMENT_TEAM = 349F6PJY22;
				GENERATE_INFOPLIST_FILE = YES;
				INFOPLIST_FILE = "ios-architechtures/Info.plist";
				INFOPLIST_KEY_UIApplicationSupportsIndirectInputEvents = YES;
				INFOPLIST_KEY_UILaunchStoryboardName = LaunchScreen.storyboard;
				INFOPLIST_KEY_UIMainStoryboardFile = "";
				INFOPLIST_KEY_UISupportedInterfaceOrientations_iPad = "UIInterfaceOrientationPortrait UIInterfaceOrientationPortraitUpsideDown UIInterfaceOrientationLandscapeLeft UIInterfaceOrientationLandscapeRight";
				INFOPLIST_KEY_UISupportedInterfaceOrientations_iPhone = "UIInterfaceOrientationPortrait UIInterfaceOrientationLandscapeLeft UIInterfaceOrientationLandscapeRight";
				LD_RUNPATH_SEARCH_PATHS = (
					"$(inherited)",
					"@executable_path/Frameworks",
				);
				MARKETING_VERSION = 1.0;
				PRODUCT_BUNDLE_IDENTIFIER = "br.com.guuilhermegatto.ios-architechtures";
				PRODUCT_NAME = "$(TARGET_NAME)";
				SWIFT_EMIT_LOC_STRINGS = YES;
				SWIFT_VERSION = 5.0;
				TARGETED_DEVICE_FAMILY = "1,2";
			};
			name = Debug;
		};
		1D9F935E2C12786300E1E5D5 /* Release */ = {
			isa = XCBuildConfiguration;
			buildSettings = {
				ASSETCATALOG_COMPILER_APPICON_NAME = AppIcon;
				ASSETCATALOG_COMPILER_GLOBAL_ACCENT_COLOR_NAME = AccentColor;
				CODE_SIGN_STYLE = Automatic;
				CURRENT_PROJECT_VERSION = 1;
				DEVELOPMENT_TEAM = 349F6PJY22;
				GENERATE_INFOPLIST_FILE = YES;
				INFOPLIST_FILE = "ios-architechtures/Info.plist";
				INFOPLIST_KEY_UIApplicationSupportsIndirectInputEvents = YES;
				INFOPLIST_KEY_UILaunchStoryboardName = LaunchScreen.storyboard;
				INFOPLIST_KEY_UIMainStoryboardFile = "";
				INFOPLIST_KEY_UISupportedInterfaceOrientations_iPad = "UIInterfaceOrientationPortrait UIInterfaceOrientationPortraitUpsideDown UIInterfaceOrientationLandscapeLeft UIInterfaceOrientationLandscapeRight";
				INFOPLIST_KEY_UISupportedInterfaceOrientations_iPhone = "UIInterfaceOrientationPortrait UIInterfaceOrientationLandscapeLeft UIInterfaceOrientationLandscapeRight";
				LD_RUNPATH_SEARCH_PATHS = (
					"$(inherited)",
					"@executable_path/Frameworks",
				);
				MARKETING_VERSION = 1.0;
				PRODUCT_BUNDLE_IDENTIFIER = "br.com.guuilhermegatto.ios-architechtures";
				PRODUCT_NAME = "$(TARGET_NAME)";
				SWIFT_EMIT_LOC_STRINGS = YES;
				SWIFT_VERSION = 5.0;
				TARGETED_DEVICE_FAMILY = "1,2";
			};
			name = Release;
		};
/* End XCBuildConfiguration section */

/* Begin XCConfigurationList section */
		1D9F93432C12785F00E1E5D5 /* Build configuration list for PBXProject "ios-architechtures" */ = {
			isa = XCConfigurationList;
			buildConfigurations = (
				1D9F935A2C12786300E1E5D5 /* Debug */,
				1D9F935B2C12786300E1E5D5 /* Release */,
			);
			defaultConfigurationIsVisible = 0;
			defaultConfigurationName = Release;
		};
		1D9F935C2C12786300E1E5D5 /* Build configuration list for PBXNativeTarget "ios-architechtures" */ = {
			isa = XCConfigurationList;
			buildConfigurations = (
				1D9F935D2C12786300E1E5D5 /* Debug */,
				1D9F935E2C12786300E1E5D5 /* Release */,
			);
			defaultConfigurationIsVisible = 0;
			defaultConfigurationName = Release;
		};
/* End XCConfigurationList section */
	};
	rootObject = 1D9F93402C12785F00E1E5D5 /* Project object */;
}
